Microsoft Visual Studio Solution File, Format Version 12.00
# Visual Studio Version 17
VisualStudioVersion = 17.5.2.0
MinimumVisualStudioVersion = 10.0.40219.1
Project("{FAE04EC0-301F-11D3-BF4B-00C04F79EFBC}") = "Semana02", "Semana02\Semana02.csproj", "{6CEC7BF3-1F56-1744-C5AE-53A32535B5DE}"
EndProject
Project("{FAE04EC0-301F-11D3-BF4B-00C04F79EFBC}") = "Semana03", "Semana03\Semana03.csproj", "{B9AD930D-3A55-3D01-7E65-ABF099228CE5}"
EndProject
Project("{FAE04EC0-301F-11D3-BF4B-00C04F79EFBC}") = "Semana04", "Semana04\Semana04.csproj", "{2B6736DE-7496-482B-D248-E25335FAF99C}"
EndProject
Global
	GlobalSection(SolutionConfigurationPlatforms) = preSolution
		Debug|Any CPU = Debug|Any CPU
		Release|Any CPU = Release|Any CPU
	EndGlobalSection
	GlobalSection(ProjectConfigurationPlatforms) = postSolution
		{6CEC7BF3-1F56-1744-C5AE-53A32535B5DE}.Debug|Any CPU.ActiveCfg = Debug|Any CPU
		{6CEC7BF3-1F56-1744-C5AE-53A32535B5DE}.Debug|Any CPU.Build.0 = Debug|Any CPU
		{6CEC7BF3-1F56-1744-C5AE-53A32535B5DE}.Release|Any CPU.ActiveCfg = Release|Any CPU
		{6CEC7BF3-1F56-1744-C5AE-53A32535B5DE}.Release|Any CPU.Build.0 = Release|Any CPU
		{B9AD930D-3A55-3D01-7E65-ABF099228CE5}.Debug|Any CPU.ActiveCfg = Debug|Any CPU
		{B9AD930D-3A55-3D01-7E65-ABF099228CE5}.Debug|Any CPU.Build.0 = Debug|Any CPU
		{B9AD930D-3A55-3D01-7E65-ABF099228CE5}.Release|Any CPU.ActiveCfg = Release|Any CPU
		{B9AD930D-3A55-3D01-7E65-ABF099228CE5}.Release|Any CPU.Build.0 = Release|Any CPU
		{2B6736DE-7496-482B-D248-E25335FAF99C}.Debug|Any CPU.ActiveCfg = Debug|Any CPU
		{2B6736DE-7496-482B-D248-E25335FAF99C}.Debug|Any CPU.Build.0 = Debug|Any CPU
		{2B6736DE-7496-482B-D248-E25335FAF99C}.Release|Any CPU.ActiveCfg = Release|Any CPU
		{2B6736DE-7496-482B-D248-E25335FAF99C}.Release|Any CPU.Build.0 = Release|Any CPU
	EndGlobalSection
	GlobalSection(SolutionProperties) = preSolution
		HideSolutionNode = FALSE
	EndGlobalSection
	GlobalSection(ExtensibilityGlobals) = postSolution
		SolutionGuid = {1F9E06F4-FBE8-48BE-9C65-7F60176A4CF3}
	EndGlobalSection
EndGlobal
